
Microsoft Visual Studio Solution File, Format Version 12.00
# Visual Studio Version 17
VisualStudioVersion = 17.3.32819.101
MinimumVisualStudioVersion = 10.0.40219.1
Project("{FAE04EC0-301F-11D3-BF4B-00C04F79EFBC}") = "fantasy-hack-n-slash", "fantasy-hack-n-slash.csproj", "{FA10FF1C-2CFE-4CC0-9919-F13EFB6F6E0F}"
EndProject
Global
	GlobalSection(SolutionConfigurationPlatforms) = preSolution
		Debug|Any CPU = Debug|Any CPU
		Release|Any CPU = Release|Any CPU
	EndGlobalSection
	GlobalSection(ProjectConfigurationPlatforms) = postSolution
		{FA10FF1C-2CFE-4CC0-9919-F13EFB6F6E0F}.Debug|Any CPU.ActiveCfg = Debug|Any CPU
		{FA10FF1C-2CFE-4CC0-9919-F13EFB6F6E0F}.Debug|Any CPU.Build.0 = Debug|Any CPU
		{FA10FF1C-2CFE-4CC0-9919-F13EFB6F6E0F}.Release|Any CPU.ActiveCfg = Release|Any CPU
		{FA10FF1C-2CFE-4CC0-9919-F13EFB6F6E0F}.Release|Any CPU.Build.0 = Release|Any CPU
	EndGlobalSection
	GlobalSection(SolutionProperties) = preSolution
		HideSolutionNode = FALSE
	EndGlobalSection
	GlobalSection(ExtensibilityGlobals) = postSolution
		SolutionGuid = {1D04C8FD-86B1-45E6-B032-86CAD80DD531}
	EndGlobalSection
EndGlobal
